// !$*UTF8*$!
{
	archiveVersion = 1;
	classes = {
	};
	objectVersion = 46;
	objects = {

/* Begin PBXBuildFile section */
		18908A7C1BFCFD9E008A7252 /* border.png in Resources */ = {isa = PBXBuildFile; fileRef = 18908A7B1BFCFD9E008A7252 /* border.png */; };
		18BDF7711BFBA4EB003B7D7D /* main.m in Sources */ = {isa = PBXBuildFile; fileRef = 18BDF7701BFBA4EB003B7D7D /* main.m */; };
		18BDF7741BFBA4EB003B7D7D /* AppDelegate.m in Sources */ = {isa = PBXBuildFile; fileRef = 18BDF7731BFBA4EB003B7D7D /* AppDelegate.m */; };
		18BDF7771BFBA4EB003B7D7D /* ListViewController.m in Sources */ = {isa = PBXBuildFile; fileRef = 18BDF7761BFBA4EB003B7D7D /* ListViewController.m */; };
		18BDF77A1BFBA4EB003B7D7D /* Main.storyboard in Resources */ = {isa = PBXBuildFile; fileRef = 18BDF7781BFBA4EB003B7D7D /* Main.storyboard */; };
		18BDF77C1BFBA4EB003B7D7D /* Images.xcassets in Resources */ = {isa = PBXBuildFile; fileRef = 18BDF77B1BFBA4EB003B7D7D /* Images.xcassets */; };
		18BDF77F1BFBA4EB003B7D7D /* LaunchScreen.xib in Resources */ = {isa = PBXBuildFile; fileRef = 18BDF77D1BFBA4EB003B7D7D /* LaunchScreen.xib */; };
		18BDF78B1BFBA4EB003B7D7D /* HappPostTests.m in Sources */ = {isa = PBXBuildFile; fileRef = 18BDF78A1BFBA4EB003B7D7D /* HappPostTests.m */; };
		18BDF7A81BFBA88A003B7D7D /* business.png in Resources */ = {isa = PBXBuildFile; fileRef = 18BDF7961BFBA88A003B7D7D /* business.png */; };
		18BDF7A91BFBA88A003B7D7D /* check.png in Resources */ = {isa = PBXBuildFile; fileRef = 18BDF7971BFBA88A003B7D7D /* check.png */; };
		18BDF7AA1BFBA88A003B7D7D /* close.png in Resources */ = {isa = PBXBuildFile; fileRef = 18BDF7981BFBA88A003B7D7D /* close.png */; };
		18BDF7AB1BFBA88A003B7D7D /* entertainment.png in Resources */ = {isa = PBXBuildFile; fileRef = 18BDF7991BFBA88A003B7D7D /* entertainment.png */; };
		18BDF7AC1BFBA88A003B7D7D /* expand.png in Resources */ = {isa = PBXBuildFile; fileRef = 18BDF79A1BFBA88A003B7D7D /* expand.png */; };
		18BDF7AD1BFBA88A003B7D7D /* icnMenu.png in Resources */ = {isa = PBXBuildFile; fileRef = 18BDF79B1BFBA88A003B7D7D /* icnMenu.png */; };
		18BDF7AE1BFBA88A003B7D7D /* india.png in Resources */ = {isa = PBXBuildFile; fileRef = 18BDF79C1BFBA88A003B7D7D /* india.png */; };
		18BDF7AF1BFBA88A003B7D7D /* lifestyle.png in Resources */ = {isa = PBXBuildFile; fileRef = 18BDF79D1BFBA88A003B7D7D /* lifestyle.png */; };
		18BDF7B01BFBA88A003B7D7D /* radio.png in Resources */ = {isa = PBXBuildFile; fileRef = 18BDF79E1BFBA88A003B7D7D /* radio.png */; };
		18BDF7B11BFBA88A003B7D7D /* share.png in Resources */ = {isa = PBXBuildFile; fileRef = 18BDF79F1BFBA88A003B7D7D /* share.png */; };
		18BDF7B21BFBA88A003B7D7D /* special.png in Resources */ = {isa = PBXBuildFile; fileRef = 18BDF7A01BFBA88A003B7D7D /* special.png */; };
		18BDF7B31BFBA88A003B7D7D /* splash.png in Resources */ = {isa = PBXBuildFile; fileRef = 18BDF7A11BFBA88A003B7D7D /* splash.png */; };
		18BDF7B41BFBA88A003B7D7D /* sports.png in Resources */ = {isa = PBXBuildFile; fileRef = 18BDF7A21BFBA88A003B7D7D /* sports.png */; };
		18BDF7B51BFBA88A003B7D7D /* spotlight.png in Resources */ = {isa = PBXBuildFile; fileRef = 18BDF7A31BFBA88A003B7D7D /* spotlight.png */; };
		18BDF7B61BFBA88A003B7D7D /* switchView.png in Resources */ = {isa = PBXBuildFile; fileRef = 18BDF7A41BFBA88A003B7D7D /* switchView.png */; };
		18BDF7B71BFBA88A003B7D7D /* titleLogo.png in Resources */ = {isa = PBXBuildFile; fileRef = 18BDF7A51BFBA88A003B7D7D /* titleLogo.png */; };
		18BDF7B81BFBA88A003B7D7D /* trending.png in Resources */ = {isa = PBXBuildFile; fileRef = 18BDF7A61BFBA88A003B7D7D /* trending.png */; };
		18BDF7B91BFBA88A003B7D7D /* world.png in Resources */ = {isa = PBXBuildFile; fileRef = 18BDF7A71BFBA88A003B7D7D /* world.png */; };
		18BDF7BE1BFBAB8F003B7D7D /* ListViewTableViewCell.m in Sources */ = {isa = PBXBuildFile; fileRef = 18BDF7BC1BFBAB8F003B7D7D /* ListViewTableViewCell.m */; };
		18BDF7BF1BFBAB8F003B7D7D /* ListViewTableViewCell.xib in Resources */ = {isa = PBXBuildFile; fileRef = 18BDF7BD1BFBAB8F003B7D7D /* ListViewTableViewCell.xib */; };
		18BDF7C41BFBB2E8003B7D7D /* tmp1.png in Resources */ = {isa = PBXBuildFile; fileRef = 18BDF7C01BFBB2E8003B7D7D /* tmp1.png */; };
		18BDF7C51BFBB2E8003B7D7D /* tmp2.png in Resources */ = {isa = PBXBuildFile; fileRef = 18BDF7C11BFBB2E8003B7D7D /* tmp2.png */; };
		18BDF7C61BFBB2E8003B7D7D /* tmp3.png in Resources */ = {isa = PBXBuildFile; fileRef = 18BDF7C21BFBB2E8003B7D7D /* tmp3.png */; };
		18BDF7C71BFBB2E8003B7D7D /* tmp4.png in Resources */ = {isa = PBXBuildFile; fileRef = 18BDF7C31BFBB2E8003B7D7D /* tmp4.png */; };
/* End PBXBuildFile section */

/* Begin PBXContainerItemProxy section */
		18BDF7851BFBA4EB003B7D7D /* PBXContainerItemProxy */ = {
			isa = PBXContainerItemProxy;
			containerPortal = 18BDF7631BFBA4EA003B7D7D /* Project object */;
			proxyType = 1;
			remoteGlobalIDString = 18BDF76A1BFBA4EA003B7D7D;
			remoteInfo = HappPost;
		};
/* End PBXContainerItemProxy section */

/* Begin PBXFileReference section */
		18908A7B1BFCFD9E008A7252 /* border.png */ = {isa = PBXFileReference; lastKnownFileType = image.png; path = border.png; sourceTree = "<group>"; };
		18BDF76B1BFBA4EB003B7D7D /* HappPost.app */ = {isa = PBXFileReference; explicitFileType = wrapper.application; includeInIndex = 0; path = HappPost.app; sourceTree = BUILT_PRODUCTS_DIR; };
		18BDF76F1BFBA4EB003B7D7D /* Info.plist */ = {isa = PBXFileReference; lastKnownFileType = text.plist.xml; path = Info.plist; sourceTree = "<group>"; };
		18BDF7701BFBA4EB003B7D7D /* main.m */ = {isa = PBXFileReference; lastKnownFileType = sourcecode.c.objc; path = main.m; sourceTree = "<group>"; };
		18BDF7721BFBA4EB003B7D7D /* AppDelegate.h */ = {isa = PBXFileReference; lastKnownFileType = sourcecode.c.h; path = AppDelegate.h; sourceTree = "<group>"; };
		18BDF7731BFBA4EB003B7D7D /* AppDelegate.m */ = {isa = PBXFileReference; lastKnownFileType = sourcecode.c.objc; path = AppDelegate.m; sourceTree = "<group>"; };
		18BDF7751BFBA4EB003B7D7D /* ListViewController.h */ = {isa = PBXFileReference; lastKnownFileType = sourcecode.c.h; path = ListViewController.h; sourceTree = "<group>"; };
		18BDF7761BFBA4EB003B7D7D /* ListViewController.m */ = {isa = PBXFileReference; lastKnownFileType = sourcecode.c.objc; path = ListViewController.m; sourceTree = "<group>"; };
		18BDF7791BFBA4EB003B7D7D /* Base */ = {isa = PBXFileReference; lastKnownFileType = file.storyboard; name = Base; path = Base.lproj/Main.storyboard; sourceTree = "<group>"; };
		18BDF77B1BFBA4EB003B7D7D /* Images.xcassets */ = {isa = PBXFileReference; lastKnownFileType = folder.assetcatalog; path = Images.xcassets; sourceTree = "<group>"; };
		18BDF77E1BFBA4EB003B7D7D /* Base */ = {isa = PBXFileReference; lastKnownFileType = file.xib; name = Base; path = Base.lproj/LaunchScreen.xib; sourceTree = "<group>"; };
		18BDF7841BFBA4EB003B7D7D /* HappPostTests.xctest */ = {isa = PBXFileReference; explicitFileType = wrapper.cfbundle; includeInIndex = 0; path = HappPostTests.xctest; sourceTree = BUILT_PRODUCTS_DIR; };
		18BDF7891BFBA4EB003B7D7D /* Info.plist */ = {isa = PBXFileReference; lastKnownFileType = text.plist.xml; path = Info.plist; sourceTree = "<group>"; };
		18BDF78A1BFBA4EB003B7D7D /* HappPostTests.m */ = {isa = PBXFileReference; lastKnownFileType = sourcecode.c.objc; path = HappPostTests.m; sourceTree = "<group>"; };
		18BDF7961BFBA88A003B7D7D /* business.png */ = {isa = PBXFileReference; lastKnownFileType = image.png; path = business.png; sourceTree = "<group>"; };
		18BDF7971BFBA88A003B7D7D /* check.png */ = {isa = PBXFileReference; lastKnownFileType = image.png; path = check.png; sourceTree = "<group>"; };
		18BDF7981BFBA88A003B7D7D /* close.png */ = {isa = PBXFileReference; lastKnownFileType = image.png; path = close.png; sourceTree = "<group>"; };
		18BDF7991BFBA88A003B7D7D /* entertainment.png */ = {isa = PBXFileReference; lastKnownFileType = image.png; path = entertainment.png; sourceTree = "<group>"; };
		18BDF79A1BFBA88A003B7D7D /* expand.png */ = {isa = PBXFileReference; lastKnownFileType = image.png; path = expand.png; sourceTree = "<group>"; };
		18BDF79B1BFBA88A003B7D7D /* icnMenu.png */ = {isa = PBXFileReference; lastKnownFileType = image.png; path = icnMenu.png; sourceTree = "<group>"; };
		18BDF79C1BFBA88A003B7D7D /* india.png */ = {isa = PBXFileReference; lastKnownFileType = image.png; path = india.png; sourceTree = "<group>"; };
		18BDF79D1BFBA88A003B7D7D /* lifestyle.png */ = {isa = PBXFileReference; lastKnownFileType = image.png; path = lifestyle.png; sourceTree = "<group>"; };
		18BDF79E1BFBA88A003B7D7D /* radio.png */ = {isa = PBXFileReference; lastKnownFileType = image.png; path = radio.png; sourceTree = "<group>"; };
		18BDF79F1BFBA88A003B7D7D /* share.png */ = {isa = PBXFileReference; lastKnownFileType = image.png; path = share.png; sourceTree = "<group>"; };
		18BDF7A01BFBA88A003B7D7D /* special.png */ = {isa = PBXFileReference; lastKnownFileType = image.png; path = special.png; sourceTree = "<group>"; };
		18BDF7A11BFBA88A003B7D7D /* splash.png */ = {isa = PBXFileReference; lastKnownFileType = image.png; path = splash.png; sourceTree = "<group>"; };
		18BDF7A21BFBA88A003B7D7D /* sports.png */ = {isa = PBXFileReference; lastKnownFileType = image.png; path = sports.png; sourceTree = "<group>"; };
		18BDF7A31BFBA88A003B7D7D /* spotlight.png */ = {isa = PBXFileReference; lastKnownFileType = image.png; path = spotlight.png; sourceTree = "<group>"; };
		18BDF7A41BFBA88A003B7D7D /* switchView.png */ = {isa = PBXFileReference; lastKnownFileType = image.png; path = switchView.png; sourceTree = "<group>"; };
		18BDF7A51BFBA88A003B7D7D /* titleLogo.png */ = {isa = PBXFileReference; lastKnownFileType = image.png; path = titleLogo.png; sourceTree = "<group>"; };
		18BDF7A61BFBA88A003B7D7D /* trending.png */ = {isa = PBXFileReference; lastKnownFileType = image.png; path = trending.png; sourceTree = "<group>"; };
		18BDF7A71BFBA88A003B7D7D /* world.png */ = {isa = PBXFileReference; lastKnownFileType = image.png; path = world.png; sourceTree = "<group>"; };
		18BDF7BB1BFBAB8F003B7D7D /* ListViewTableViewCell.h */ = {isa = PBXFileReference; fileEncoding = 4; lastKnownFileType = sourcecode.c.h; name = ListViewTableViewCell.h; path = "Custom Controls/ListViewTableViewCell.h"; sourceTree = "<group>"; };
		18BDF7BC1BFBAB8F003B7D7D /* ListViewTableViewCell.m */ = {isa = PBXFileReference; fileEncoding = 4; lastKnownFileType = sourcecode.c.objc; name = ListViewTableViewCell.m; path = "Custom Controls/ListViewTableViewCell.m"; sourceTree = "<group>"; };
		18BDF7BD1BFBAB8F003B7D7D /* ListViewTableViewCell.xib */ = {isa = PBXFileReference; fileEncoding = 4; lastKnownFileType = file.xib; name = ListViewTableViewCell.xib; path = "Custom Controls/ListViewTableViewCell.xib"; sourceTree = "<group>"; };
		18BDF7C01BFBB2E8003B7D7D /* tmp1.png */ = {isa = PBXFileReference; lastKnownFileType = image.png; path = tmp1.png; sourceTree = "<group>"; };
		18BDF7C11BFBB2E8003B7D7D /* tmp2.png */ = {isa = PBXFileReference; lastKnownFileType = image.png; path = tmp2.png; sourceTree = "<group>"; };
		18BDF7C21BFBB2E8003B7D7D /* tmp3.png */ = {isa = PBXFileReference; lastKnownFileType = image.png; path = tmp3.png; sourceTree = "<group>"; };
		18BDF7C31BFBB2E8003B7D7D /* tmp4.png */ = {isa = PBXFileReference; lastKnownFileType = image.png; path = tmp4.png; sourceTree = "<group>"; };
/* End PBXFileReference section */

/* Begin PBXFrameworksBuildPhase section */
		18BDF7681BFBA4EA003B7D7D /* Frameworks */ = {
			isa = PBXFrameworksBuildPhase;
			buildActionMask = 2147483647;
			files = (
			);
			runOnlyForDeploymentPostprocessing = 0;
		};
		18BDF7811BFBA4EB003B7D7D /* Frameworks */ = {
			isa = PBXFrameworksBuildPhase;
			buildActionMask = 2147483647;
			files = (
			);
			runOnlyForDeploymentPostprocessing = 0;
		};
/* End PBXFrameworksBuildPhase section */

/* Begin PBXGroup section */
		18BDF7621BFBA4EA003B7D7D = {
			isa = PBXGroup;
			children = (
				18BDF76D1BFBA4EB003B7D7D /* HappPost */,
				18BDF7871BFBA4EB003B7D7D /* HappPostTests */,
				18BDF76C1BFBA4EB003B7D7D /* Products */,
			);
			sourceTree = "<group>";
		};
		18BDF76C1BFBA4EB003B7D7D /* Products */ = {
			isa = PBXGroup;
			children = (
				18BDF76B1BFBA4EB003B7D7D /* HappPost.app */,
				18BDF7841BFBA4EB003B7D7D /* HappPostTests.xctest */,
			);
			name = Products;
			sourceTree = "<group>";
		};
		18BDF76D1BFBA4EB003B7D7D /* HappPost */ = {
			isa = PBXGroup;
			children = (
				18BDF7BA1BFBAB5D003B7D7D /* Custom Controls */,
				18BDF7951BFBA88A003B7D7D /* Resources */,
				18BDF7721BFBA4EB003B7D7D /* AppDelegate.h */,
				18BDF7731BFBA4EB003B7D7D /* AppDelegate.m */,
				18BDF7751BFBA4EB003B7D7D /* ListViewController.h */,
				18BDF7761BFBA4EB003B7D7D /* ListViewController.m */,
				18BDF7781BFBA4EB003B7D7D /* Main.storyboard */,
				18BDF77B1BFBA4EB003B7D7D /* Images.xcassets */,
				18BDF77D1BFBA4EB003B7D7D /* LaunchScreen.xib */,
				18BDF76E1BFBA4EB003B7D7D /* Supporting Files */,
			);
			path = HappPost;
			sourceTree = "<group>";
		};
		18BDF76E1BFBA4EB003B7D7D /* Supporting Files */ = {
			isa = PBXGroup;
			children = (
				18BDF76F1BFBA4EB003B7D7D /* Info.plist */,
				18BDF7701BFBA4EB003B7D7D /* main.m */,
			);
			name = "Supporting Files";
			sourceTree = "<group>";
		};
		18BDF7871BFBA4EB003B7D7D /* HappPostTests */ = {
			isa = PBXGroup;
			children = (
				18BDF78A1BFBA4EB003B7D7D /* HappPostTests.m */,
				18BDF7881BFBA4EB003B7D7D /* Supporting Files */,
			);
			path = HappPostTests;
			sourceTree = "<group>";
		};
		18BDF7881BFBA4EB003B7D7D /* Supporting Files */ = {
			isa = PBXGroup;
			children = (
				18BDF7891BFBA4EB003B7D7D /* Info.plist */,
			);
			name = "Supporting Files";
			sourceTree = "<group>";
		};
		18BDF7951BFBA88A003B7D7D /* Resources */ = {
			isa = PBXGroup;
			children = (
				18908A7B1BFCFD9E008A7252 /* border.png */,
				18BDF7C01BFBB2E8003B7D7D /* tmp1.png */,
				18BDF7C11BFBB2E8003B7D7D /* tmp2.png */,
				18BDF7C21BFBB2E8003B7D7D /* tmp3.png */,
				18BDF7C31BFBB2E8003B7D7D /* tmp4.png */,
				18BDF7961BFBA88A003B7D7D /* business.png */,
				18BDF7971BFBA88A003B7D7D /* check.png */,
				18BDF7981BFBA88A003B7D7D /* close.png */,
				18BDF7991BFBA88A003B7D7D /* entertainment.png */,
				18BDF79A1BFBA88A003B7D7D /* expand.png */,
				18BDF79B1BFBA88A003B7D7D /* icnMenu.png */,
				18BDF79C1BFBA88A003B7D7D /* india.png */,
				18BDF79D1BFBA88A003B7D7D /* lifestyle.png */,
				18BDF79E1BFBA88A003B7D7D /* radio.png */,
				18BDF79F1BFBA88A003B7D7D /* share.png */,
				18BDF7A01BFBA88A003B7D7D /* special.png */,
				18BDF7A11BFBA88A003B7D7D /* splash.png */,
				18BDF7A21BFBA88A003B7D7D /* sports.png */,
				18BDF7A31BFBA88A003B7D7D /* spotlight.png */,
				18BDF7A41BFBA88A003B7D7D /* switchView.png */,
				18BDF7A51BFBA88A003B7D7D /* titleLogo.png */,
				18BDF7A61BFBA88A003B7D7D /* trending.png */,
				18BDF7A71BFBA88A003B7D7D /* world.png */,
			);
			path = Resources;
			sourceTree = "<group>";
		};
		18BDF7BA1BFBAB5D003B7D7D /* Custom Controls */ = {
			isa = PBXGroup;
			children = (
				18BDF7BB1BFBAB8F003B7D7D /* ListViewTableViewCell.h */,
				18BDF7BC1BFBAB8F003B7D7D /* ListViewTableViewCell.m */,
				18BDF7BD1BFBAB8F003B7D7D /* ListViewTableViewCell.xib */,
			);
			name = "Custom Controls";
			sourceTree = "<group>";
		};
/* End PBXGroup section */

/* Begin PBXNativeTarget section */
		18BDF76A1BFBA4EA003B7D7D /* HappPost */ = {
			isa = PBXNativeTarget;
			buildConfigurationList = 18BDF78E1BFBA4EB003B7D7D /* Build configuration list for PBXNativeTarget "HappPost" */;
			buildPhases = (
				18BDF7671BFBA4EA003B7D7D /* Sources */,
				18BDF7681BFBA4EA003B7D7D /* Frameworks */,
				18BDF7691BFBA4EA003B7D7D /* Resources */,
			);
			buildRules = (
			);
			dependencies = (
			);
			name = HappPost;
			productName = HappPost;
			productReference = 18BDF76B1BFBA4EB003B7D7D /* HappPost.app */;
			productType = "com.apple.product-type.application";
		};
		18BDF7831BFBA4EB003B7D7D /* HappPostTests */ = {
			isa = PBXNativeTarget;
			buildConfigurationList = 18BDF7911BFBA4EB003B7D7D /* Build configuration list for PBXNativeTarget "HappPostTests" */;
			buildPhases = (
				18BDF7801BFBA4EB003B7D7D /* Sources */,
				18BDF7811BFBA4EB003B7D7D /* Frameworks */,
				18BDF7821BFBA4EB003B7D7D /* Resources */,
			);
			buildRules = (
			);
			dependencies = (
				18BDF7861BFBA4EB003B7D7D /* PBXTargetDependency */,
			);
			name = HappPostTests;
			productName = HappPostTests;
			productReference = 18BDF7841BFBA4EB003B7D7D /* HappPostTests.xctest */;
			productType = "com.apple.product-type.bundle.unit-test";
		};
/* End PBXNativeTarget section */

/* Begin PBXProject section */
		18BDF7631BFBA4EA003B7D7D /* Project object */ = {
			isa = PBXProject;
			attributes = {
				LastUpgradeCheck = 0640;
				ORGANIZATIONNAME = "Star Deep";
				TargetAttributes = {
					18BDF76A1BFBA4EA003B7D7D = {
						CreatedOnToolsVersion = 6.4;
					};
					18BDF7831BFBA4EB003B7D7D = {
						CreatedOnToolsVersion = 6.4;
						TestTargetID = 18BDF76A1BFBA4EA003B7D7D;
					};
				};
			};
			buildConfigurationList = 18BDF7661BFBA4EA003B7D7D /* Build configuration list for PBXProject "HappPost" */;
			compatibilityVersion = "Xcode 3.2";
			developmentRegion = English;
			hasScannedForEncodings = 0;
			knownRegions = (
				en,
				Base,
			);
			mainGroup = 18BDF7621BFBA4EA003B7D7D;
			productRefGroup = 18BDF76C1BFBA4EB003B7D7D /* Products */;
			projectDirPath = "";
			projectRoot = "";
			targets = (
				18BDF76A1BFBA4EA003B7D7D /* HappPost */,
				18BDF7831BFBA4EB003B7D7D /* HappPostTests */,
			);
		};
/* End PBXProject section */

/* Begin PBXResourcesBuildPhase section */
		18BDF7691BFBA4EA003B7D7D /* Resources */ = {
			isa = PBXResourcesBuildPhase;
			buildActionMask = 2147483647;
			files = (
				18BDF7AA1BFBA88A003B7D7D /* close.png in Resources */,
				18BDF7B91BFBA88A003B7D7D /* world.png in Resources */,
				18BDF77A1BFBA4EB003B7D7D /* Main.storyboard in Resources */,
				18BDF7C71BFBB2E8003B7D7D /* tmp4.png in Resources */,
				18BDF7A91BFBA88A003B7D7D /* check.png in Resources */,
				18BDF77F1BFBA4EB003B7D7D /* LaunchScreen.xib in Resources */,
				18BDF7B31BFBA88A003B7D7D /* splash.png in Resources */,
				18BDF7AB1BFBA88A003B7D7D /* entertainment.png in Resources */,
				18BDF7B81BFBA88A003B7D7D /* trending.png in Resources */,
				18BDF7B21BFBA88A003B7D7D /* special.png in Resources */,
				18BDF7AC1BFBA88A003B7D7D /* expand.png in Resources */,
				18BDF7B61BFBA88A003B7D7D /* switchView.png in Resources */,
				18BDF7B41BFBA88A003B7D7D /* sports.png in Resources */,
				18BDF77C1BFBA4EB003B7D7D /* Images.xcassets in Resources */,
				18BDF7B01BFBA88A003B7D7D /* radio.png in Resources */,
				18BDF7AE1BFBA88A003B7D7D /* india.png in Resources */,
				18BDF7C61BFBB2E8003B7D7D /* tmp3.png in Resources */,
				18BDF7AD1BFBA88A003B7D7D /* icnMenu.png in Resources */,
				18908A7C1BFCFD9E008A7252 /* border.png in Resources */,
				18BDF7AF1BFBA88A003B7D7D /* lifestyle.png in Resources */,
				18BDF7C41BFBB2E8003B7D7D /* tmp1.png in Resources */,
				18BDF7C51BFBB2E8003B7D7D /* tmp2.png in Resources */,
				18BDF7A81BFBA88A003B7D7D /* business.png in Resources */,
				18BDF7BF1BFBAB8F003B7D7D /* ListViewTableViewCell.xib in Resources */,
				18BDF7B71BFBA88A003B7D7D /* titleLogo.png in Resources */,
				18BDF7B51BFBA88A003B7D7D /* spotlight.png in Resources */,
				18BDF7B11BFBA88A003B7D7D /* share.png in Resources */,
			);
			runOnlyForDeploymentPostprocessing = 0;
		};
		18BDF7821BFBA4EB003B7D7D /* Resources */ = {
			isa = PBXResourcesBuildPhase;
			buildActionMask = 2147483647;
			files = (
			);
			runOnlyForDeploymentPostprocessing = 0;
		};
/* End PBXResourcesBuildPhase section */

/* Begin PBXSourcesBuildPhase section */
		18BDF7671BFBA4EA003B7D7D /* Sources */ = {
			isa = PBXSourcesBuildPhase;
			buildActionMask = 2147483647;
			files = (
				18BDF7BE1BFBAB8F003B7D7D /* ListViewTableViewCell.m in Sources */,
				18BDF7771BFBA4EB003B7D7D /* ListViewController.m in Sources */,
				18BDF7741BFBA4EB003B7D7D /* AppDelegate.m in Sources */,
				18BDF7711BFBA4EB003B7D7D /* main.m in Sources */,
			);
			runOnlyForDeploymentPostprocessing = 0;
		};
		18BDF7801BFBA4EB003B7D7D /* Sources */ = {
			isa = PBXSourcesBuildPhase;
			buildActionMask = 2147483647;
			files = (
				18BDF78B1BFBA4EB003B7D7D /* HappPostTests.m in Sources */,
			);
			runOnlyForDeploymentPostprocessing = 0;
		};
/* End PBXSourcesBuildPhase section */

/* Begin PBXTargetDependency section */
		18BDF7861BFBA4EB003B7D7D /* PBXTargetDependency */ = {
			isa = PBXTargetDependency;
			target = 18BDF76A1BFBA4EA003B7D7D /* HappPost */;
			targetProxy = 18BDF7851BFBA4EB003B7D7D /* PBXContainerItemProxy */;
		};
/* End PBXTargetDependency section */

/* Begin PBXVariantGroup section */
		18BDF7781BFBA4EB003B7D7D /* Main.storyboard */ = {
			isa = PBXVariantGroup;
			children = (
				18BDF7791BFBA4EB003B7D7D /* Base */,
			);
			name = Main.storyboard;
			sourceTree = "<group>";
		};
		18BDF77D1BFBA4EB003B7D7D /* LaunchScreen.xib */ = {
			isa = PBXVariantGroup;
			children = (
				18BDF77E1BFBA4EB003B7D7D /* Base */,
			);
			name = LaunchScreen.xib;
			sourceTree = "<group>";
		};
/* End PBXVariantGroup section */

/* Begin XCBuildConfiguration section */
		18BDF78C1BFBA4EB003B7D7D /* Debug */ = {
			isa = XCBuildConfiguration;
			buildSettings = {
				ALWAYS_SEARCH_USER_PATHS = NO;
				CLANG_CXX_LANGUAGE_STANDARD = "gnu++0x";
				CLANG_CXX_LIBRARY = "libc++";
				CLANG_ENABLE_MODULES = YES;
				CLANG_ENABLE_OBJC_ARC = YES;
				CLANG_WARN_BOOL_CONVERSION = YES;
				CLANG_WARN_CONSTANT_CONVERSION = YES;
				CLANG_WARN_DIRECT_OBJC_ISA_USAGE = YES_ERROR;
				CLANG_WARN_EMPTY_BODY = YES;
				CLANG_WARN_ENUM_CONVERSION = YES;
				CLANG_WARN_INT_CONVERSION = YES;
				CLANG_WARN_OBJC_ROOT_CLASS = YES_ERROR;
				CLANG_WARN_UNREACHABLE_CODE = YES;
				CLANG_WARN__DUPLICATE_METHOD_MATCH = YES;
				"CODE_SIGN_IDENTITY[sdk=iphoneos*]" = "iPhone Developer";
				COPY_PHASE_STRIP = NO;
				DEBUG_INFORMATION_FORMAT = "dwarf-with-dsym";
				ENABLE_STRICT_OBJC_MSGSEND = YES;
				GCC_C_LANGUAGE_STANDARD = gnu99;
				GCC_DYNAMIC_NO_PIC = NO;
				GCC_NO_COMMON_BLOCKS = YES;
				GCC_OPTIMIZATION_LEVEL = 0;
				GCC_PREPROCESSOR_DEFINITIONS = (
					"DEBUG=1",
					"$(inherited)",
				);
				GCC_SYMBOLS_PRIVATE_EXTERN = NO;
				GCC_WARN_64_TO_32_BIT_CONVERSION = YES;
				GCC_WARN_ABOUT_RETURN_TYPE = YES_ERROR;
				GCC_WARN_UNDECLARED_SELECTOR = YES;
				GCC_WARN_UNINITIALIZED_AUTOS = YES_AGGRESSIVE;
				GCC_WARN_UNUSED_FUNCTION = YES;
				GCC_WARN_UNUSED_VARIABLE = YES;
				IPHONEOS_DEPLOYMENT_TARGET = 8.4;
				MTL_ENABLE_DEBUG_INFO = YES;
				ONLY_ACTIVE_ARCH = YES;
				SDKROOT = iphoneos;
			};
			name = Debug;
		};
		18BDF78D1BFBA4EB003B7D7D /* Release */ = {
			isa = XCBuildConfiguration;
			buildSettings = {
				ALWAYS_SEARCH_USER_PATHS = NO;
				CLANG_CXX_LANGUAGE_STANDARD = "gnu++0x";
				CLANG_CXX_LIBRARY = "libc++";
				CLANG_ENABLE_MODULES = YES;
				CLANG_ENABLE_OBJC_ARC = YES;
				CLANG_WARN_BOOL_CONVERSION = YES;
				CLANG_WARN_CONSTANT_CONVERSION = YES;
				CLANG_WARN_DIRECT_OBJC_ISA_USAGE = YES_ERROR;
				CLANG_WARN_EMPTY_BODY = YES;
				CLANG_WARN_ENUM_CONVERSION = YES;
				CLANG_WARN_INT_CONVERSION = YES;
				CLANG_WARN_OBJC_ROOT_CLASS = YES_ERROR;
				CLANG_WARN_UNREACHABLE_CODE = YES;
				CLANG_WARN__DUPLICATE_METHOD_MATCH = YES;
				"CODE_SIGN_IDENTITY[sdk=iphoneos*]" = "iPhone Developer";
				COPY_PHASE_STRIP = NO;
				DEBUG_INFORMATION_FORMAT = "dwarf-with-dsym";
				ENABLE_NS_ASSERTIONS = NO;
				ENABLE_STRICT_OBJC_MSGSEND = YES;
				GCC_C_LANGUAGE_STANDARD = gnu99;
				GCC_NO_COMMON_BLOCKS = YES;
				GCC_WARN_64_TO_32_BIT_CONVERSION = YES;
				GCC_WARN_ABOUT_RETURN_TYPE = YES_ERROR;
				GCC_WARN_UNDECLARED_SELECTOR = YES;
				GCC_WARN_UNINITIALIZED_AUTOS = YES_AGGRESSIVE;
				GCC_WARN_UNUSED_FUNCTION = YES;
				GCC_WARN_UNUSED_VARIABLE = YES;
				IPHONEOS_DEPLOYMENT_TARGET = 8.4;
				MTL_ENABLE_DEBUG_INFO = NO;
				SDKROOT = iphoneos;
				VALIDATE_PRODUCT = YES;
			};
			name = Release;
		};
		18BDF78F1BFBA4EB003B7D7D /* Debug */ = {
			isa = XCBuildConfiguration;
			buildSettings = {
				ASSETCATALOG_COMPILER_APPICON_NAME = AppIcon;
				INFOPLIST_FILE = HappPost/Info.plist;
				IPHONEOS_DEPLOYMENT_TARGET = 8.0;
				LD_RUNPATH_SEARCH_PATHS = "$(inherited) @executable_path/Frameworks";
				PRODUCT_NAME = "$(TARGET_NAME)";
			};
			name = Debug;
		};
		18BDF7901BFBA4EB003B7D7D /* Release */ = {
			isa = XCBuildConfiguration;
			buildSettings = {
				ASSETCATALOG_COMPILER_APPICON_NAME = AppIcon;
				INFOPLIST_FILE = HappPost/Info.plist;
				IPHONEOS_DEPLOYMENT_TARGET = 8.0;
				LD_RUNPATH_SEARCH_PATHS = "$(inherited) @executable_path/Frameworks";
				PRODUCT_NAME = "$(TARGET_NAME)";
			};
			name = Release;
		};
		18BDF7921BFBA4EB003B7D7D /* Debug */ = {
			isa = XCBuildConfiguration;
			buildSettings = {
				BUNDLE_LOADER = "$(TEST_HOST)";
				FRAMEWORK_SEARCH_PATHS = (
					"$(SDKROOT)/Developer/Library/Frameworks",
					"$(inherited)",
				);
				GCC_PREPROCESSOR_DEFINITIONS = (
					"DEBUG=1",
					"$(inherited)",
				);
				INFOPLIST_FILE = HappPostTests/Info.plist;
				LD_RUNPATH_SEARCH_PATHS = "$(inherited) @executable_path/Frameworks @loader_path/Frameworks";
				PRODUCT_NAME = "$(TARGET_NAME)";
				TEST_HOST = "$(BUILT_PRODUCTS_DIR)/HappPost.app/HappPost";
			};
			name = Debug;
		};
		18BDF7931BFBA4EB003B7D7D /* Release */ = {
			isa = XCBuildConfiguration;
			buildSettings = {
				BUNDLE_LOADER = "$(TEST_HOST)";
				FRAMEWORK_SEARCH_PATHS = (
					"$(SDKROOT)/Developer/Library/Frameworks",
					"$(inherited)",
				);
				INFOPLIST_FILE = HappPostTests/Info.plist;
				LD_RUNPATH_SEARCH_PATHS = "$(inherited) @executable_path/Frameworks @loader_path/Frameworks";
				PRODUCT_NAME = "$(TARGET_NAME)";
				TEST_HOST = "$(BUILT_PRODUCTS_DIR)/HappPost.app/HappPost";
			};
			name = Release;
		};
/* End XCBuildConfiguration section */

/* Begin XCConfigurationList section */
		18BDF7661BFBA4EA003B7D7D /* Build configuration list for PBXProject "HappPost" */ = {
			isa = XCConfigurationList;
			buildConfigurations = (
				18BDF78C1BFBA4EB003B7D7D /* Debug */,
				18BDF78D1BFBA4EB003B7D7D /* Release */,
			);
			defaultConfigurationIsVisible = 0;
			defaultConfigurationName = Release;
		};
		18BDF78E1BFBA4EB003B7D7D /* Build configuration list for PBXNativeTarget "HappPost" */ = {
			isa = XCConfigurationList;
			buildConfigurations = (
				18BDF78F1BFBA4EB003B7D7D /* Debug */,
				18BDF7901BFBA4EB003B7D7D /* Release */,
			);
			defaultConfigurationIsVisible = 0;
			defaultConfigurationName = Release;
		};
		18BDF7911BFBA4EB003B7D7D /* Build configuration list for PBXNativeTarget "HappPostTests" */ = {
			isa = XCConfigurationList;
			buildConfigurations = (
				18BDF7921BFBA4EB003B7D7D /* Debug */,
				18BDF7931BFBA4EB003B7D7D /* Release */,
			);
			defaultConfigurationIsVisible = 0;
			defaultConfigurationName = Release;
		};
/* End XCConfigurationList section */
	};
	rootObject = 18BDF7631BFBA4EA003B7D7D /* Project object */;
}
